version: 7
platforms:
- name: linux-64
  virtual-packages:
  - __unix=0=0
  - __linux=4.18
  - __glibc=2.28
  - __archspec=0=x86_64
- name: win-64
  virtual-packages:
  - __win=10.0
  - __archspec=0=x86_64
environments:
  default:
    channels:
    - url: https://prefix.dev/conda-forge/
    - url: https://conda.anaconda.org/nodefaults/
    - url: https://prefix.dev/pixi-build-backends/
    packages:
      linux-64:
      - conda: https://prefix.dev/conda-forge/linux-64/_openmp_mutex-4.5-20_gnu.conda
      - conda: https://prefix.dev/conda-forge/linux-64/binutils_impl_linux-64-2.46.1-default_hfdba357_102.conda
      - conda: https://prefix.dev/conda-forge/linux-64/bzip2-1.0.8-hda65f42_10.conda
      - conda: https://prefix.dev/conda-forge/linux-64/conda-gcc-specs-16.2.0-hf8037ed_4.conda
      - conda: https://prefix.dev/conda-forge/linux-64/gcc-16.2.0-hc6a0c74_4.conda
      - conda: https://prefix.dev/conda-forge/linux-64/gcc_impl_linux-64-16.2.0-h176d5d0_4.conda
      - conda: https://prefix.dev/conda-forge/linux-64/gfortran-16.2.0-hc6a0c74_4.conda
      - conda: https://prefix.dev/conda-forge/linux-64/gfortran_impl_linux-64-16.2.0-hf930d89_4.conda
      - conda: https://prefix.dev/conda-forge/linux-64/icu-78.3-py310h44b86e0_2.conda
      - conda: https://prefix.dev/conda-forge/linux-64/ld_impl_linux-64-2.46.1-default_hbd61a6d_102.conda
      - conda: https://prefix.dev/conda-forge/linux-64/libexpat-2.8.1-hecca717_1.conda
      - conda: https://prefix.dev/conda-forge/linux-64/libffi-3.7.0-h81df57d_1.conda
      - conda: https://prefix.dev/conda-forge/linux-64/libgcc-16.2.0-ha9f2e26_4.conda
      - conda: https://prefix.dev/conda-forge/linux-64/libgfortran5-16.2.0-h6b99dfc_4.conda
      - conda: https://prefix.dev/conda-forge/linux-64/libgomp-16.2.0-he0feb66_4.conda
      - conda: https://prefix.dev/conda-forge/linux-64/liblzma-5.8.3-hb03c661_1.conda
      - conda: https://prefix.dev/conda-forge/linux-64/libmpdec-4.0.0-hb03c661_2.conda
      - conda: https://prefix.dev/conda-forge/linux-64/libpython-3.14.7-hdc7f604_104_cp314.conda
      - conda: https://prefix.dev/conda-forge/linux-64/libsanitizer-16.2.0-h3048135_4.conda
      - conda: https://prefix.dev/conda-forge/linux-64/libsqlite-3.53.4-h13e7031_1.conda
      - conda: https://prefix.dev/conda-forge/linux-64/libstdcxx-16.2.0-h934c35e_4.conda
      - conda: https://prefix.dev/conda-forge/linux-64/libuuid-2.42.2-h5347b49_0.conda
      - conda: https://prefix.dev/conda-forge/linux-64/libzlib-1.3.2-h25fd6f3_3.conda
      - conda: https://prefix.dev/conda-forge/linux-64/ncurses-6.6-hdb14827_1.conda
      - conda: https://prefix.dev/conda-forge/linux-64/openssl-3.6.4-h781a0a9_0.conda
      - conda: https://prefix.dev/conda-forge/linux-64/pixi-build-cmake-0.4.6-h67559c6_0.conda
      - conda: https://prefix.dev/conda-forge/linux-64/python-3.14.7-hcd007b5_104_cp314.conda
      - conda: https://prefix.dev/conda-forge/linux-64/readline-8.3-hd6e31c0_1.conda
      - conda: https://prefix.dev/conda-forge/linux-64/tk-8.6.13-noxft_h1df4ec4_4.conda
      - conda: https://prefix.dev/conda-forge/linux-64/zstd-1.5.7-hb78ec9c_7.conda
      - conda: https://prefix.dev/conda-forge/noarch/ca-certificates-2026.7.22-hbd8a1cb_0.conda
      - conda: https://prefix.dev/conda-forge/noarch/kernel-headers_linux-64-4.18.0-he073ed8_9.conda
      - conda: https://prefix.dev/conda-forge/noarch/libgcc-devel_linux-64-16.2.0-he3ce08f_104.conda
      - conda: https://prefix.dev/conda-forge/noarch/libstdcxx-devel_linux-64-16.2.0-h86e191b_104.conda
      - conda: https://prefix.dev/conda-forge/noarch/pixi-build-api-version-7-hc364b38_0.conda
      - conda: https://prefix.dev/conda-forge/noarch/python_abi-3.14-8_cp314.conda
      - conda: https://prefix.dev/conda-forge/noarch/sysroot_linux-64-2.28-h4ee821c_9.conda
      - conda: https://prefix.dev/conda-forge/noarch/tzdata-2026c-h151e31d_0.conda
      win-64:
      - conda: https://prefix.dev/conda-forge/noarch/ca-certificates-2026.7.22-h4c7d964_0.conda
      - conda: https://prefix.dev/conda-forge/noarch/libgcc-devel_win-64-16.2.0-h254a5e0_104.conda
      - conda: https://prefix.dev/conda-forge/noarch/libstdcxx-devel_win-64-16.2.0-h230208c_104.conda
      - conda: https://prefix.dev/conda-forge/noarch/m2w64-sysroot_win-64-12.0.0.r4.gg4f2fc60ca-hd8ed1ab_10.conda
      - conda: https://prefix.dev/conda-forge/noarch/mingw-w64-ucrt-x86_64-crt-git-12.0.0.r4.gg4f2fc60ca-hd8ed1ab_10.conda
      - conda: https://prefix.dev/conda-forge/noarch/mingw-w64-ucrt-x86_64-headers-git-12.0.0.r4.gg4f2fc60ca-hd8ed1ab_10.conda
      - conda: https://prefix.dev/conda-forge/noarch/mingw-w64-ucrt-x86_64-windows-default-manifest-6.4-he206cdd_7.conda
      - conda: https://prefix.dev/conda-forge/noarch/mingw-w64-ucrt-x86_64-winpthreads-git-12.0.0.r4.gg4f2fc60ca-hd8ed1ab_10.conda
      - conda: https://prefix.dev/conda-forge/noarch/pixi-build-api-version-7-hc364b38_0.conda
      - conda: https://prefix.dev/conda-forge/noarch/python_abi-3.14-8_cp314.conda
      - conda: https://prefix.dev/conda-forge/noarch/tzdata-2026c-h151e31d_0.conda
      - conda: https://prefix.dev/conda-forge/win-64/_openmp_mutex-4.5-20_gnu.conda
      - conda: https://prefix.dev/conda-forge/win-64/binutils_impl_win-64-2.46.1-default_ha84baeb_102.conda
      - conda: https://prefix.dev/conda-forge/win-64/bzip2-1.0.8-h0ad9c76_10.conda
      - conda: https://prefix.dev/conda-forge/win-64/conda-gcc-specs-16.2.0-h6d3b04a_4.conda
      - conda: https://prefix.dev/conda-forge/win-64/gcc-16.2.0-hb5e953d_4.conda
      - conda: https://prefix.dev/conda-forge/win-64/gcc_impl_win-64-16.2.0-h6b76af2_4.conda
      - conda: https://prefix.dev/conda-forge/win-64/gfortran-16.2.0-hb5e953d_4.conda
      - conda: https://prefix.dev/conda-forge/win-64/gfortran_impl_win-64-16.2.0-h408695e_4.conda
      - conda: https://prefix.dev/conda-forge/win-64/ld_impl_win-64-2.46.1-default_hfd38196_102.conda
      - conda: https://prefix.dev/conda-forge/win-64/libexpat-2.8.1-hac47afa_1.conda
      - conda: https://prefix.dev/conda-forge/win-64/libffi-3.7.0-h3d046cb_1.conda
      - conda: https://prefix.dev/conda-forge/win-64/libgcc-16.2.0-h110b43a_4.conda
      - conda: https://prefix.dev/conda-forge/win-64/libgfortran5-16.2.0-h7c9de5e_4.conda
      - conda: https://prefix.dev/conda-forge/win-64/libgomp-16.2.0-h8ee18e1_4.conda
      - conda: https://prefix.dev/conda-forge/win-64/liblzma-5.8.3-hfd05255_1.conda
      - conda: https://prefix.dev/conda-forge/win-64/libmpdec-4.0.0-hfd05255_2.conda
      - conda: https://prefix.dev/conda-forge/win-64/libpython-3.14.7-h4f90d01_104_cp314.conda
      - conda: https://prefix.dev/conda-forge/win-64/libsqlite-3.53.4-hf5d6505_1.conda
      - conda: https://prefix.dev/conda-forge/win-64/libstdcxx-16.2.0-hae5796f_4.conda
      - conda: https://prefix.dev/conda-forge/win-64/libwinpthread-12.0.0.r4.gg4f2fc60ca-h57928b3_10.conda
      - conda: https://prefix.dev/conda-forge/win-64/libzlib-1.3.2-hfd05255_3.conda
      - conda: https://prefix.dev/conda-forge/win-64/m2-conda-epoch-20250515-0_x86_64.conda
      - conda: https://prefix.dev/conda-forge/win-64/openssl-3.6.4-hf411b9b_0.conda
      - conda: https://prefix.dev/conda-forge/win-64/pixi-build-cmake-0.4.6-hc05bbc4_0.conda
      - conda: https://prefix.dev/conda-forge/win-64/python-3.14.7-h53f6dd8_104_cp314.conda
      - conda: https://prefix.dev/conda-forge/win-64/tk-8.6.13-h967ab96_4.conda
      - conda: https://prefix.dev/conda-forge/win-64/ucrt-10.0.26100.0-h57928b3_0.conda
      - conda: https://prefix.dev/conda-forge/win-64/vc-14.5-ha367084_41.conda
      - conda: https://prefix.dev/conda-forge/win-64/vc14_runtime-14.51.36247-habf1de7_41.conda
      - conda: https://prefix.dev/conda-forge/win-64/vcomp14-14.51.36247-habf1de7_41.conda
      - conda: https://prefix.dev/conda-forge/win-64/zstd-1.5.7-h534d264_7.conda
  swatplus:
    channels:
    - url: https://prefix.dev/conda-forge/
    - url: https://conda.anaconda.org/nodefaults/
    - url: https://prefix.dev/pixi-build-backends/
    packages:
      linux-64:
      - conda: https://prefix.dev/conda-forge/linux-64/_openmp_mutex-4.5-20_gnu.conda
      - conda: https://prefix.dev/conda-forge/linux-64/binutils_impl_linux-64-2.46.1-default_hfdba357_102.conda
      - conda: https://prefix.dev/conda-forge/linux-64/bzip2-1.0.8-hda65f42_10.conda
      - conda: https://prefix.dev/conda-forge/linux-64/conda-gcc-specs-16.2.0-hf8037ed_4.conda
      - conda: https://prefix.dev/conda-forge/linux-64/gcc-16.2.0-hc6a0c74_4.conda
      - conda: https://prefix.dev/conda-forge/linux-64/gcc_impl_linux-64-16.2.0-h176d5d0_4.conda
      - conda: https://prefix.dev/conda-forge/linux-64/gfortran-16.2.0-hc6a0c74_4.conda
      - conda: https://prefix.dev/conda-forge/linux-64/gfortran_impl_linux-64-16.2.0-hf930d89_4.conda
      - conda: https://prefix.dev/conda-forge/linux-64/icu-78.3-py310h44b86e0_2.conda
      - conda: https://prefix.dev/conda-forge/linux-64/ld_impl_linux-64-2.46.1-default_hbd61a6d_102.conda
      - conda: https://prefix.dev/conda-forge/linux-64/libexpat-2.8.1-hecca717_1.conda
      - conda: https://prefix.dev/conda-forge/linux-64/libffi-3.7.0-h81df57d_1.conda
      - conda: https://prefix.dev/conda-forge/linux-64/libgcc-16.2.0-ha9f2e26_4.conda
      - conda: https://prefix.dev/conda-forge/linux-64/libgfortran5-16.2.0-h6b99dfc_4.conda
      - conda: https://prefix.dev/conda-forge/linux-64/libgomp-16.2.0-he0feb66_4.conda
      - conda: https://prefix.dev/conda-forge/linux-64/liblzma-5.8.3-hb03c661_1.conda
      - conda: https://prefix.dev/conda-forge/linux-64/libmpdec-4.0.0-hb03c661_2.conda
      - conda: https://prefix.dev/conda-forge/linux-64/libpython-3.14.7-hdc7f604_104_cp314.conda
      - conda: https://prefix.dev/conda-forge/linux-64/libsanitizer-16.2.0-h3048135_4.conda
      - conda: https://prefix.dev/conda-forge/linux-64/libsqlite-3.53.4-h13e7031_1.conda
      - conda: https://prefix.dev/conda-forge/linux-64/libstdcxx-16.2.0-h934c35e_4.conda
      - conda: https://prefix.dev/conda-forge/linux-64/libuuid-2.42.2-h5347b49_0.conda
      - conda: https://prefix.dev/conda-forge/linux-64/libzlib-1.3.2-h25fd6f3_3.conda
      - conda: https://prefix.dev/conda-forge/linux-64/ncurses-6.6-hdb14827_1.conda
      - conda: https://prefix.dev/conda-forge/linux-64/openssl-3.6.4-h781a0a9_0.conda
      - conda: https://prefix.dev/conda-forge/linux-64/pixi-build-cmake-0.4.6-h67559c6_0.conda
      - conda: https://prefix.dev/conda-forge/linux-64/python-3.14.7-hcd007b5_104_cp314.conda
      - conda: https://prefix.dev/conda-forge/linux-64/readline-8.3-hd6e31c0_1.conda
      - conda: https://prefix.dev/conda-forge/linux-64/tk-8.6.13-noxft_h1df4ec4_4.conda
      - conda: https://prefix.dev/conda-forge/linux-64/zstd-1.5.7-hb78ec9c_7.conda
      - conda: https://prefix.dev/conda-forge/noarch/ca-certificates-2026.7.22-hbd8a1cb_0.conda
      - conda: https://prefix.dev/conda-forge/noarch/kernel-headers_linux-64-4.18.0-he073ed8_9.conda
      - conda: https://prefix.dev/conda-forge/noarch/libgcc-devel_linux-64-16.2.0-he3ce08f_104.conda
      - conda: https://prefix.dev/conda-forge/noarch/libstdcxx-devel_linux-64-16.2.0-h86e191b_104.conda
      - conda: https://prefix.dev/conda-forge/noarch/pixi-build-api-version-7-hc364b38_0.conda
      - conda: https://prefix.dev/conda-forge/noarch/python_abi-3.14-8_cp314.conda
      - conda: https://prefix.dev/conda-forge/noarch/sysroot_linux-64-2.28-h4ee821c_9.conda
      - conda: https://prefix.dev/conda-forge/noarch/tzdata-2026c-h151e31d_0.conda
      win-64:
      - conda: https://prefix.dev/conda-forge/noarch/ca-certificates-2026.7.22-h4c7d964_0.conda
      - conda: https://prefix.dev/conda-forge/noarch/libgcc-devel_win-64-16.2.0-h254a5e0_104.conda
      - conda: https://prefix.dev/conda-forge/noarch/libstdcxx-devel_win-64-16.2.0-h230208c_104.conda
      - conda: https://prefix.dev/conda-forge/noarch/m2w64-sysroot_win-64-12.0.0.r4.gg4f2fc60ca-hd8ed1ab_10.conda
      - conda: https://prefix.dev/conda-forge/noarch/mingw-w64-ucrt-x86_64-crt-git-12.0.0.r4.gg4f2fc60ca-hd8ed1ab_10.conda
      - conda: https://prefix.dev/conda-forge/noarch/mingw-w64-ucrt-x86_64-headers-git-12.0.0.r4.gg4f2fc60ca-hd8ed1ab_10.conda
      - conda: https://prefix.dev/conda-forge/noarch/mingw-w64-ucrt-x86_64-windows-default-manifest-6.4-he206cdd_7.conda
      - conda: https://prefix.dev/conda-forge/noarch/mingw-w64-ucrt-x86_64-winpthreads-git-12.0.0.r4.gg4f2fc60ca-hd8ed1ab_10.conda
      - conda: https://prefix.dev/conda-forge/noarch/pixi-build-api-version-7-hc364b38_0.conda
      - conda: https://prefix.dev/conda-forge/noarch/python_abi-3.14-8_cp314.conda
      - conda: https://prefix.dev/conda-forge/noarch/tzdata-2026c-h151e31d_0.conda
      - conda: https://prefix.dev/conda-forge/win-64/_openmp_mutex-4.5-20_gnu.conda
      - conda: https://prefix.dev/conda-forge/win-64/binutils_impl_win-64-2.46.1-default_ha84baeb_102.conda
      - conda: https://prefix.dev/conda-forge/win-64/bzip2-1.0.8-h0ad9c76_10.conda
      - conda: https://prefix.dev/conda-forge/win-64/conda-gcc-specs-16.2.0-h6d3b04a_4.conda
      - conda: https://prefix.dev/conda-forge/win-64/gcc-16.2.0-hb5e953d_4.conda
      - conda: https://prefix.dev/conda-forge/win-64/gcc_impl_win-64-16.2.0-h6b76af2_4.conda
      - conda: https://prefix.dev/conda-forge/win-64/gfortran-16.2.0-hb5e953d_4.conda
      - conda: https://prefix.dev/conda-forge/win-64/gfortran_impl_win-64-16.2.0-h408695e_4.conda
      - conda: https://prefix.dev/conda-forge/win-64/ld_impl_win-64-2.46.1-default_hfd38196_102.conda
      - conda: https://prefix.dev/conda-forge/win-64/libexpat-2.8.1-hac47afa_1.conda
      - conda: https://prefix.dev/conda-forge/win-64/libffi-3.7.0-h3d046cb_1.conda
      - conda: https://prefix.dev/conda-forge/win-64/libgcc-16.2.0-h110b43a_4.conda
      - conda: https://prefix.dev/conda-forge/win-64/libgfortran5-16.2.0-h7c9de5e_4.conda
      - conda: https://prefix.dev/conda-forge/win-64/libgomp-16.2.0-h8ee18e1_4.conda
      - conda: https://prefix.dev/conda-forge/win-64/liblzma-5.8.3-hfd05255_1.conda
      - conda: https://prefix.dev/conda-forge/win-64/libmpdec-4.0.0-hfd05255_2.conda
      - conda: https://prefix.dev/conda-forge/win-64/libpython-3.14.7-h4f90d01_104_cp314.conda
      - conda: https://prefix.dev/conda-forge/win-64/libsqlite-3.53.4-hf5d6505_1.conda
      - conda: https://prefix.dev/conda-forge/win-64/libstdcxx-16.2.0-hae5796f_4.conda
      - conda: https://prefix.dev/conda-forge/win-64/libwinpthread-12.0.0.r4.gg4f2fc60ca-h57928b3_10.conda
      - conda: https://prefix.dev/conda-forge/win-64/libzlib-1.3.2-hfd05255_3.conda
      - conda: https://prefix.dev/conda-forge/win-64/m2-conda-epoch-20250515-0_x86_64.conda
      - conda: https://prefix.dev/conda-forge/win-64/openssl-3.6.4-hf411b9b_0.conda
      - conda: https://prefix.dev/conda-forge/win-64/pixi-build-cmake-0.4.6-hc05bbc4_0.conda
      - conda: https://prefix.dev/conda-forge/win-64/python-3.14.7-h53f6dd8_104_cp314.conda
      - conda: https://prefix.dev/conda-forge/win-64/tk-8.6.13-h967ab96_4.conda
      - conda: https://prefix.dev/conda-forge/win-64/ucrt-10.0.26100.0-h57928b3_0.conda
      - conda: https://prefix.dev/conda-forge/win-64/vc-14.5-ha367084_41.conda
      - conda: https://prefix.dev/conda-forge/win-64/vc14_runtime-14.51.36247-habf1de7_41.conda
      - conda: https://prefix.dev/conda-forge/win-64/vcomp14-14.51.36247-habf1de7_41.conda
      - conda: https://prefix.dev/conda-forge/win-64/zstd-1.5.7-h534d264_7.conda
packages:
- conda: https://prefix.dev/conda-forge/linux-64/_openmp_mutex-4.5-20_gnu.conda
  build_number: 20
  sha256: 1dd3fffd892081df9726d7eb7e0dea6198962ba775bd88842135a4ddb4deb3c9
  md5: a9f577daf3de00bca7c3c76c0ecbd1de
  depends:
  - __glibc >=2.17,<3.0.a0
  - libgomp >=7.5.0
  constrains:
  - openmp_impl <0.0a0
  license: BSD-3-Clause
  license_family: BSD
  run_exports:
    strong:
    - _openmp_mutex >=4.5
  size: 28948
  timestamp: 1770939786096
- conda: https://prefix.dev/conda-forge/linux-64/binutils_impl_linux-64-2.46.1-default_hfdba357_102.conda
  sha256: fb7bf36984a37ce7e4714d1d1da0bd0e3bfc679520f5cdc184afc676fd4b5da2
  md5: a0c5e0b7f58c8ceeb08e5bc41251d5a2
  depends:
  - ld_impl_linux-64 2.46.1 default_hbd61a6d_102
  - sysroot_linux-64
  - zstd >=1.5.7,<1.6.0a0
  license: GPL-3.0-only
  license_family: GPL
  run_exports: {}
  size: 3713752
  timestamp: 1784214522814
- conda: https://prefix.dev/conda-forge/linux-64/bzip2-1.0.8-hda65f42_10.conda
  sha256: 1a0d382c515ebf55f8ee1f38c8b81bc95af5c2acc42ad53b66bc5df932032f96
  md5: e675fabcf81499adc7edf58124fb1e01
  depends:
  - __glibc >=2.17,<3.0.a0
  - libgcc >=14
  license: bzip2-1.0.6
  license_family: BSD
  run_exports:
    weak:
    - bzip2 >=1.0.8,<2.0a0
  size: 257808
  timestamp: 1785906269155
- conda: https://prefix.dev/conda-forge/linux-64/conda-gcc-specs-16.2.0-hf8037ed_4.conda
  sha256: 24825798d2b016cfa873485bc1bfb31bba32d7c8a4e8a3ab991165536523b79c
  md5: d30388235d4b77c78289bf93573c57cf
  depends:
  - gcc_impl_linux-64 >=16.2.0,<16.2.1.0a0
  license: GPL-3.0-only WITH GCC-exception-3.1
  license_family: GPL
  run_exports: {}
  size: 32505
  timestamp: 1787618879364
- conda: https://prefix.dev/conda-forge/linux-64/gcc-16.2.0-hc6a0c74_4.conda
  sha256: 1c974f7e764250ddf8ea314553c99412dad37da593f756028c7e2640953e50e6
  md5: 2918c9054a9556dab9bef29861ddd927
  depends:
  - conda-gcc-specs
  - gcc_impl_linux-64 16.2.0 h176d5d0_4
  license: BSD-3-Clause
  license_family: BSD
  run_exports: {}
  size: 29416
  timestamp: 1787618988431
- conda: https://prefix.dev/conda-forge/linux-64/gcc_impl_linux-64-16.2.0-h176d5d0_4.conda
  sha256: d09c1e8ae19bc03a6336516fb2b55f09d1b86bbe16242d911dbf4d23f709b5d5
  md5: 15426bff4573d78ab030e6d439fc820b
  depends:
  - binutils_impl_linux-64 >=2.46.1
  - libgcc >=16.2.0
  - libgcc-devel_linux-64 16.2.0 he3ce08f_104
  - libgomp >=16.2.0
  - libsanitizer 16.2.0 h3048135_4
  - libstdcxx >=16.2.0
  - libstdcxx-devel_linux-64 16.2.0 h86e191b_104
  - sysroot_linux-64
  license: GPL-3.0-only WITH GCC-exception-3.1
  license_family: GPL
  run_exports: {}
  size: 86474258
  timestamp: 1787618763737
- conda: https://prefix.dev/conda-forge/linux-64/gfortran-16.2.0-hc6a0c74_4.conda
  sha256: add862801fa23a3bad29dafc26a8b634b8d1b804c7237c047645a88e8f329d34
  md5: bc514048a46c5a668733983e5fd080a0
  depends:
  - conda-gcc-specs
  - gcc 16.2.0 hc6a0c74_4
  - gcc_impl_linux-64 16.2.0 h176d5d0_4
  - gfortran_impl_linux-64 16.2.0 hf930d89_4
  license: BSD-3-Clause
  license_family: BSD
  run_exports: {}
  size: 28821
  timestamp: 1787619067247
- conda: https://prefix.dev/conda-forge/linux-64/gfortran_impl_linux-64-16.2.0-hf930d89_4.conda
  sha256: 0e4aec012059dfdd90ccdb8fff1ee4cbdabf75b8658c7faf01d9f9477947bbcd
  md5: ed9c9b34d0f016f7a2e5aba055855f2c
  depends:
  - gcc_impl_linux-64 16.2.0.*
  - libgcc >=16.2.0
  - libgfortran5 >=16.2.0
  - libstdcxx >=16.2.0
  - sysroot_linux-64
  license: GPL-3.0-only WITH GCC-exception-3.1
  license_family: GPL
  run_exports: {}
  size: 21145216
  timestamp: 1787618917407
- conda: https://prefix.dev/conda-forge/linux-64/icu-78.3-py310h44b86e0_2.conda
  sha256: 9f07834f0c546ab14d885ce0366285f61f44e326c0edd1fc63b8294e113ae432
  md5: 72a381cbad04f24b1c2a43ef707f45b4
  depends:
  - __glibc >=2.17,<3.0.a0
  - libstdcxx >=14
  - libgcc >=14
  license: MIT
  license_family: MIT
  run_exports:
    weak:
    - icu >=78.3,<79.0a0
  size: 14459115
  timestamp: 1786545741408
- conda: https://prefix.dev/conda-forge/linux-64/ld_impl_linux-64-2.46.1-default_hbd61a6d_102.conda
  sha256: 27d83f1188cd19bcb7754a078b3fa7f4cfb8527f8eb2fde54dd01fc529d1adec
  md5: 449500f2c089da11c40f5c21312e3e07
  depends:
  - __glibc >=2.17,<3.0.a0
  - zstd >=1.5.7,<1.6.0a0
  constrains:
  - binutils_impl_linux-64 2.46.1
  license: GPL-3.0-only
  license_family: GPL
  run_exports: {}
  size: 745303
  timestamp: 1784214507189
- conda: https://prefix.dev/conda-forge/linux-64/libexpat-2.8.1-hecca717_1.conda
  sha256: 16feffd9ddbbe5b718515d38ee376c685ba95491cd901244e24671d20b952a77
  md5: b24d3c612f71e7aa74158d92106318b2
  depends:
  - __glibc >=2.17,<3.0.a0
  - libgcc >=14
  constrains:
  - expat 2.8.1.*
  license: MIT
  license_family: MIT
  run_exports: {}
  size: 77856
  timestamp: 1781203599810
- conda: https://prefix.dev/conda-forge/linux-64/libffi-3.7.0-h81df57d_1.conda
  sha256: c8c7583ef063bc3c430f1d48298e5ad24f796a35c22ed5b14183325825a61106
  md5: 6525a0b06aa4fd390795f0740636a9dd
  depends:
  - __glibc >=2.17,<3.0.a0
  - libgcc >=15
  license: MIT
  license_family: MIT
  run_exports:
    weak:
    - libffi >=3.7.0,<3.8.0a0
  size: 68004
  timestamp: 1787753412298
- conda: https://prefix.dev/conda-forge/linux-64/libgcc-16.2.0-ha9f2e26_4.conda
  sha256: 24090e675d34403b4ee1cd4372d8f6c0937da7ecfd66a19a57cac2ed0f4ea793
  md5: cba14d01083fc62ffd32c24d7d390633
  depends:
  - __glibc >=2.17,<3.0.a0
  - _openmp_mutex >=4.5
  constrains:
  - libgcc-ng ==16.2.0=*_4
  - libgomp 16.2.0 he0feb66_4
  license: GPL-3.0-only WITH GCC-exception-3.1
  license_family: GPL
  run_exports: {}
  size: 1058083
  timestamp: 1787618680111
- conda: https://prefix.dev/conda-forge/linux-64/libgfortran5-16.2.0-h6b99dfc_4.conda
  sha256: a5510cbcea3b9e9ab24b336429de997fa727af1dba323031500a962a20e38600
  md5: c22348a769bb072b6184eb6f7f05e4f2
  depends:
  - __glibc >=2.17,<3.0.a0
  - libgcc >=16.2.0
  constrains:
  - libgfortran 16.2.0
  license: GPL-3.0-only WITH GCC-exception-3.1
  license_family: GPL
  run_exports: {}
  size: 2526008
  timestamp: 1787618692926
- conda: https://prefix.dev/conda-forge/linux-64/libgomp-16.2.0-he0feb66_4.conda
  sha256: 0fe5cb8e0752241ab55e11656ed1b9726248b522d23b929fe7c95b83eb55b9bb
  md5: 89d2c1231f47bd818f5d624b9411459d
  depends:
  - __glibc >=2.17,<3.0.a0
  license: GPL-3.0-only WITH GCC-exception-3.1
  license_family: GPL
  run_exports:
    strong:
    - _openmp_mutex >=4.5
  size: 639968
  timestamp: 1787618616266
- conda: https://prefix.dev/conda-forge/linux-64/liblzma-5.8.3-hb03c661_1.conda
  sha256: 9787df8c22a59c9a70d3e5a10db9ad663485e75e9ccc3f09bd092cb7b95e0dab
  md5: 1390b7c5ac0b1d8e447bc5efa6d3c8c2
  depends:
  - __glibc >=2.17,<3.0.a0
  - libgcc >=14
  constrains:
  - xz 5.8.3.*
  license: 0BSD
  run_exports:
    weak:
    - liblzma >=5.8.3,<6.0a0
  size: 112995
  timestamp: 1786348617826
- conda: https://prefix.dev/conda-forge/linux-64/libmpdec-4.0.0-hb03c661_2.conda
  sha256: 46820b4a835e175940ae20bec00fdddaff804cda27a1408ab1b95e77a2196437
  md5: fcfed1dc5053eb1901b66e7b1fc32588
  depends:
  - __glibc >=2.17,<3.0.a0
  - libgcc >=14
  license: BSD-2-Clause
  license_family: BSD
  run_exports: {}
  size: 92759
  timestamp: 1786650399772
- conda: https://prefix.dev/conda-forge/linux-64/libpython-3.14.7-hdc7f604_104_cp314.conda
  build_number: 104
  sha256: ea102c446220e9b8ad2125e38e0f4a0d9b04a7fc10193eca8d130bee507ce9e2
  md5: eb63e79ef1ac24c034d5b6ab3bcbd00c
  depends:
  - __glibc >=2.17,<3.0.a0
  - libgcc >=15
  - libstdcxx >=15
  license: Python-2.0
  run_exports: {}
  size: 10507939
  timestamp: 1788161778972
- conda: https://prefix.dev/conda-forge/linux-64/libsanitizer-16.2.0-h3048135_4.conda
  sha256: d08ce38542e0b7782572dbed7eac9d648aad8fd951a82346d93a5d5a78e50232
  md5: fbc8b8b630d4dfa30a7a0b673367cf37
  depends:
  - __glibc >=2.17,<3.0.a0
  - libgcc >=16.2.0
  - libstdcxx >=16.2.0
  license: GPL-3.0-only WITH GCC-exception-3.1
  license_family: GPL
  run_exports:
    weak:
    - libsanitizer 16.2.0
  size: 8194231
  timestamp: 1787618720100
- conda: https://prefix.dev/conda-forge/linux-64/libsqlite-3.53.4-h13e7031_1.conda
  sha256: f20d70da54e5b31dd4a51fb1efeaafafd5ab6dd8d7ac9d1438eaa2526ac4ed3d
  md5: e72bbec309c2b0f37823ee7d4fabfcd3
  depends:
  - __glibc >=2.17,<3.0.a0
  - icu >=78.3,<79.0a0
  - libgcc >=15
  - libzlib >=1.3.2,<2.0a0
  license: blessing
  run_exports:
    weak:
    - libsqlite >=3.53.4,<4.0a0
  size: 974348
  timestamp: 1787051145557
- conda: https://prefix.dev/conda-forge/linux-64/libstdcxx-16.2.0-h934c35e_4.conda
  sha256: 40b792b0186c1e8859280a1f6f19a54fc50a11b32724fc7b637009c1a9bd302b
  md5: 2f2ef0d96de5bdd8c1270ff22fdf9352
  depends:
  - __glibc >=2.17,<3.0.a0
  - libgcc 16.2.0 ha9f2e26_4
  constrains:
  - libstdcxx-ng ==16.2.0=*_4
  license: GPL-3.0-only WITH GCC-exception-3.1
  license_family: GPL
  run_exports: {}
  size: 6613148
  timestamp: 1787618704262
- conda: https://prefix.dev/conda-forge/linux-64/libuuid-2.42.2-h5347b49_0.conda
  sha256: 9b1bdce27a7e31f7d241aeecff67a1f3101d52a2b1e33ccc2cdf2613072bf81f
  md5: 01bb81d12c957de066ea7362007df642
  depends:
  - libgcc >=14
  - __glibc >=2.17,<3.0.a0
  license: BSD-3-Clause
  license_family: BSD
  run_exports:
    weak:
    - libuuid >=2.42.2,<3.0a0
  size: 40017
  timestamp: 1781625522462
- conda: https://prefix.dev/conda-forge/linux-64/libzlib-1.3.2-h25fd6f3_3.conda
  sha256: eb8a0db0aa570124f7d2a93d7c7f596e3390df5e047818d873baad32985fc736
  md5: 0de0122d9570a8ab637c6b73db268389
  depends:
  - __glibc >=2.17,<3.0.a0
  constrains:
  - zlib 1.3.2 *_3
  license: Zlib
  license_family: Other
  run_exports:
    weak:
    - libzlib >=1.3.2,<2.0a0
  size: 63713
  timestamp: 1785362952714
- conda: https://prefix.dev/conda-forge/linux-64/ncurses-6.6-hdb14827_1.conda
  sha256: 5d46557214ed184381dafe835b7c94a474a1c3b307a08a250b1ea4779b44ffb3
  md5: ee6c0cd80a60961a1f48aa3e0b91f986
  depends:
  - __glibc >=2.17,<3.0.a0
  - libgcc >=14
  license: X11 AND BSD-3-Clause
  run_exports:
    weak:
    - ncurses >=6.6,<7.0a0
  size: 911196
  timestamp: 1786355078102
- conda: https://prefix.dev/conda-forge/linux-64/openssl-3.6.4-h781a0a9_0.conda
  sha256: 4747b2d6a8336f52343bceb8a1ebf41a9e6e665b9d2e3f989972de53a310599e
  md5: 16e3034a330cc625f2c685edec60cf4e
  depends:
  - __glibc >=2.17,<3.0.a0
  - ca-certificates
  - libgcc >=15
  license: Apache-2.0
  license_family: Apache
  run_exports:
    weak:
    - openssl >=3.6.4,<4.0a0
  size: 3202955
  timestamp: 1787698780103
- conda: https://prefix.dev/conda-forge/linux-64/pixi-build-cmake-0.4.6-h67559c6_0.conda
  sha256: 938745a8cbcf77238874a644ce32a85ce39efbb1e2c0f837d23cb8c3cc89dc4e
  md5: f1f8faed4d320c5158c6a7ec24526e46
  depends:
  - pixi-build-api-version >=7,<8
  - __glibc >=2.17,<3.0.a0
  - openssl >=3.5.7,<4.0a0
  constrains:
  - __glibc >=2.17
  license: BSD-3-Clause
  license_family: BSD
  run_exports: {}
  size: 14090472
  timestamp: 1787054475374
- conda: https://prefix.dev/conda-forge/linux-64/python-3.14.7-hcd007b5_104_cp314.conda
  build_number: 104
  sha256: 5aaf3af8d4f99541fef4e746ae58677acda6ce02cfa5751abc3d1cc29ea8f732
  md5: 663015cba592a7375ca3c465af84186d
  depends:
  - __glibc >=2.17,<3.0.a0
  - bzip2 >=1.0.8,<2.0a0
  - ld_impl_linux-64 >=2.36.1
  - libexpat >=2.8.1,<3.0a0
  - libffi >=3.7.0,<3.8.0a0
  - libgcc >=15
  - liblzma >=5.8.3,<6.0a0
  - libmpdec >=4.0.0,<5.0a0
  - libpython 3.14.7 hdc7f604_104_cp314
  - libsqlite >=3.53.4,<4.0a0
  - libuuid >=2.42.2,<3.0a0
  - libzlib >=1.3.2,<2.0a0
  - ncurses >=6.6,<7.0a0
  - openssl >=3.5.8,<4.0a0
  - python_abi 3.14.* *_cp314
  - readline >=8.3,<9.0a0
  - tk >=8.6.13,<8.7.0a0
  - tzdata
  - zstd >=1.5.7,<1.6.0a0
  license: Python-2.0
  run_exports:
    weak:
    - python_abi 3.14.* *_cp314
    noarch:
    - python
  size: 26435588
  timestamp: 1788161824322
  python_site_packages_path: lib/python3.14/site-packages
- conda: https://prefix.dev/conda-forge/linux-64/readline-8.3-hd6e31c0_1.conda
  sha256: 01b3fe073a66e321970d09e04b388708f8cbdca5cdfbfcb7c9eeb470ad10383d
  md5: 69c01c781e7c8190bbdaf79e3848c5ca
  depends:
  - __glibc >=2.17,<3.0.a0
  - libgcc >=15
  - ncurses >=6.6,<7.0a0
  license: GPL-3.0-only
  license_family: GPL
  run_exports:
    weak:
    - readline >=8.3,<9.0a0
  size: 348899
  timestamp: 1787033801506
- conda: https://prefix.dev/conda-forge/linux-64/tk-8.6.13-noxft_h1df4ec4_4.conda
  build_number: 104
  sha256: a1a241d172c1ccab067ba245206dd048bc3c2d1b84504b53c9468e99adfc16a1
  md5: 676a2f9b1c4fcf57b70aa5c65f6c60d0
  depends:
  - libgcc >=15
  - __glibc >=2.17,<3.0.a0
  - libzlib >=1.3.2,<2.0a0
  constrains:
  - xorg-libx11 >=1.8.13,<2.0a0
  license: TCL
  run_exports:
    weak:
    - tk >=8.6.13,<8.7.0a0
  size: 3566806
  timestamp: 1787272857910
- conda: https://prefix.dev/conda-forge/linux-64/zstd-1.5.7-hb78ec9c_7.conda
  sha256: 47d682b9f6d6ec9eb1a6e6c3e75ea6273e899e78fb7fc59f81d39745009fbc60
  md5: aa459086047c0e5e27023ab19f8cb86a
  depends:
  - __glibc >=2.17,<3.0.a0
  - libzlib >=1.3.2,<2.0a0
  license: BSD-3-Clause
  license_family: BSD
  run_exports:
    weak:
    - zstd >=1.5.7,<1.6.0a0
  size: 601301
  timestamp: 1786599621503
- conda: https://prefix.dev/conda-forge/noarch/ca-certificates-2026.7.22-h4c7d964_0.conda
  sha256: 95e8e74062a5fe5f870ac8c90302b6e89945165fdaed7810606e84ddee6aac12
  md5: e27d2ac27b096dc51fedfcf775a53f9b
  depends:
  - __win
  license: ISC
  run_exports: {}
  size: 132136
  timestamp: 1784754918886
- conda: https://prefix.dev/conda-forge/noarch/ca-certificates-2026.7.22-hbd8a1cb_0.conda
  sha256: 0a0544cf95f64394fe4959286f5c71f5444ad58feb0602e53becb27448d24da6
  md5: 0f51e2391ade309db462a55611263e9c
  depends:
  - __unix
  license: ISC
  run_exports: {}
  size: 131780
  timestamp: 1784754889428
- conda: https://prefix.dev/conda-forge/noarch/kernel-headers_linux-64-4.18.0-he073ed8_9.conda
  sha256: 41557eeadf641de6aeae49486cef30d02a6912d8da98585d687894afd65b356a
  md5: 86d9cba083cd041bfbf242a01a7a1999
  constrains:
  - sysroot_linux-64 ==2.28
  license: LGPL-2.0-or-later AND LGPL-2.0-or-later WITH exceptions AND GPL-2.0-or-later
  license_family: GPL
  run_exports: {}
  size: 1278712
  timestamp: 1765578681495
- conda: https://prefix.dev/conda-forge/noarch/libgcc-devel_linux-64-16.2.0-he3ce08f_104.conda
  sha256: 5365adce4b7564ba3773d037d84070d68ec1269d4b35f3ab92536ee1087a99a5
  md5: f2cf63d33e7be7f7722479fb30d9e332
  depends:
  - __unix
  license: GPL-3.0-only WITH GCC-exception-3.1
  license_family: GPL
  run_exports: {}
  size: 3095149
  timestamp: 1787618545895
- conda: https://prefix.dev/conda-forge/noarch/libgcc-devel_win-64-16.2.0-h254a5e0_104.conda
  sha256: 427cf0a9f470edb8e43972517d3273a9f659e03186b47f4241973a5aa16d977f
  md5: 3da365a97124ad4e291158387bcc4564
  depends:
  - m2-conda-epoch
  license: GPL-3.0-only WITH GCC-exception-3.1
  license_family: GPL
  run_exports: {}
  size: 2425283
  timestamp: 1787625711574
- conda: https://prefix.dev/conda-forge/noarch/libstdcxx-devel_linux-64-16.2.0-h86e191b_104.conda
  sha256: 435877f29650022730300859dec5c0dee162d10536e1b6fd01cf93ca33a71fde
  md5: 83cdebeadbdacc2692cb4797d188c77a
  depends:
  - __unix
  license: GPL-3.0-only WITH GCC-exception-3.1
  license_family: GPL
  run_exports: {}
  size: 22447939
  timestamp: 1787618628584
- conda: https://prefix.dev/conda-forge/noarch/libstdcxx-devel_win-64-16.2.0-h230208c_104.conda
  sha256: 3be5d37705a0cf2fa9211aa5a5cf976a1c3246b700b30a865eed2e1fc6b79289
  md5: 962148b315db334ec94a22b9a8a646a2
  depends:
  - m2-conda-epoch
  license: GPL-3.0-only WITH GCC-exception-3.1
  license_family: GPL
  run_exports: {}
  size: 13812348
  timestamp: 1787625733806
- conda: https://prefix.dev/conda-forge/noarch/m2w64-sysroot_win-64-12.0.0.r4.gg4f2fc60ca-hd8ed1ab_10.conda
  sha256: fb0ffe6b3c25189038c29abbd1fac2522d87fe2775a09e5f5088e5542dc3309b
  md5: 9676d2a30fa3ffa4e5350041d0993758
  depends:
  - m2-conda-epoch
  - mingw-w64-ucrt-x86_64-crt-git 12.0.0.r4.gg4f2fc60ca hd8ed1ab_10
  - mingw-w64-ucrt-x86_64-headers-git 12.0.0.r4.gg4f2fc60ca hd8ed1ab_10
  - mingw-w64-ucrt-x86_64-windows-default-manifest
  - mingw-w64-ucrt-x86_64-winpthreads-git 12.0.0.r4.gg4f2fc60ca hd8ed1ab_10
  - ucrt
  run_exports:
    strong:
    - libwinpthread >=12.0.0.r4.gg4f2fc60ca
  size: 8421
  timestamp: 1759768559974
- conda: https://prefix.dev/conda-forge/noarch/mingw-w64-ucrt-x86_64-crt-git-12.0.0.r4.gg4f2fc60ca-hd8ed1ab_10.conda
  sha256: de3e42149b498c16bfb485b7729f4ca0fe392be576a2a10ff702d661799b1df3
  md5: 44ffa6d68699ec9321f6d48d75bdc726
  depends:
  - m2-conda-epoch
  - mingw-w64-ucrt-x86_64-headers-git 12.0.0.r4.gg4f2fc60ca hd8ed1ab_10
  constrains:
  - mingw-w64-ucrt-x86_64-winpthreads-git 12.0.0.r4.gg4f2fc60ca.*
  license: ZPL-2.1
  run_exports: {}
  size: 5663635
  timestamp: 1759768458961
- conda: https://prefix.dev/conda-forge/noarch/mingw-w64-ucrt-x86_64-headers-git-12.0.0.r4.gg4f2fc60ca-hd8ed1ab_10.conda
  sha256: 1add86481f35163215e7076e6f06f22aa9f1f9345a5fff5cb07bc846c13fbec7
  md5: cab7b807024204893ef5bb1860d91408
  depends:
  - m2-conda-epoch
  constrains:
  - mingw-w64-ucrt-x86_64-crt-git 12.0.0.r4.gg4f2fc60ca.*
  - mingw-w64-ucrt-x86_64-winpthreads-git 12.0.0.r4.gg4f2fc60ca.*
  license: ZPL-2.1 AND LGPL-2.1-or-later
  run_exports: {}
  size: 7089846
  timestamp: 1759768412123
- conda: https://prefix.dev/conda-forge/noarch/mingw-w64-ucrt-x86_64-windows-default-manifest-6.4-he206cdd_7.conda
  sha256: 5b0df4e0ba8487ffd59f60c34c5dbb9e001ecd2c5d2c66ba88eada40bfa3ecb8
  md5: 1d6b5c96d7e3cce773519d7d1a4482f0
  depends:
  - __win
  constrains:
  - m2w64-sysroot_win-64 >=12.0.0.r0
  license: FSFAP
  run_exports: {}
  size: 7412
  timestamp: 1717486007140
- conda: https://prefix.dev/conda-forge/noarch/mingw-w64-ucrt-x86_64-winpthreads-git-12.0.0.r4.gg4f2fc60ca-hd8ed1ab_10.conda
  sha256: 828abb111286940473c4c665fc8ab300d28920f5af83b32295e8bf2256a8f342
  md5: ba0eeff6a5c62b83c771bb392e22dbb4
  depends:
  - m2-conda-epoch
  - mingw-w64-ucrt-x86_64-headers-git 12.0.0.r4.gg4f2fc60ca hd8ed1ab_10
  constrains:
  - mingw-w64-ucrt-x86_64-crt-git 12.0.0.r4.gg4f2fc60ca.*
  license: MIT AND BSD-3-Clause-Clear
  run_exports: {}
  size: 123916
  timestamp: 1759768539535
- conda: https://prefix.dev/conda-forge/noarch/pixi-build-api-version-7-hc364b38_0.conda
  sha256: f53d94f8a2cdfcbfd2efed25448dddf0db294c8d29dae2713724a331516ca83d
  md5: f09ae972807417d2724b9bb5b3814357
  license: BSD-3-Clause
  license_family: BSD
  run_exports: {}
  size: 3240
  timestamp: 1781600701177
- conda: https://prefix.dev/conda-forge/noarch/python_abi-3.14-8_cp314.conda
  build_number: 8
  sha256: ad6d2e9ac39751cc0529dd1566a26751a0bf2542adb0c232533d32e176e21db5
  md5: 0539938c55b6b1a59b560e843ad864a4
  constrains:
  - python 3.14.* *_cp314
  license: BSD-3-Clause
  license_family: BSD
  run_exports: {}
  size: 6989
  timestamp: 1752805904792
- conda: https://prefix.dev/conda-forge/noarch/sysroot_linux-64-2.28-h4ee821c_9.conda
  sha256: c47299fe37aebb0fcf674b3be588e67e4afb86225be4b0d452c7eb75c086b851
  md5: 13dc3adbc692664cd3beabd216434749
  depends:
  - __glibc >=2.28
  - kernel-headers_linux-64 4.18.0 he073ed8_9
  - tzdata
  license: LGPL-2.0-or-later AND LGPL-2.0-or-later WITH exceptions AND GPL-2.0-or-later
  license_family: GPL
  run_exports:
    strong:
    - __glibc >=2.28,<3.0.a0
  size: 24008591
  timestamp: 1765578833462
- conda: https://prefix.dev/conda-forge/noarch/tzdata-2026c-h151e31d_0.conda
  sha256: b928c30ddcb0e3f544c6eade8352737e6e610e263276b90232db6a578ef899d8
  md5: fcb489df604d100968b737f2cb6076c6
  license: LicenseRef-Public-Domain
  run_exports: {}
  size: 118849
  timestamp: 1784250406640
- conda: https://prefix.dev/conda-forge/win-64/_openmp_mutex-4.5-20_gnu.conda
  build_number: 20
  sha256: 8a1cee28bd0ee7451ada1cd50b64720e57e17ff994fc62dd8329bef570d382e4
  md5: 1626967b574d1784b578b52eaeb071e7
  depends:
  - libgomp >=7.5.0
  - libwinpthread >=12.0.0.r4.gg4f2fc60ca
  constrains:
  - openmp_impl <0.0a0
  - msys2-conda-epoch <0.0a0
  license: BSD-3-Clause
  license_family: BSD
  run_exports:
    strong:
    - _openmp_mutex >=4.5
  size: 52252
  timestamp: 1770943776666
- conda: https://prefix.dev/conda-forge/win-64/binutils_impl_win-64-2.46.1-default_ha84baeb_102.conda
  sha256: 83476bc3ed6ee4f1d6e67e6e1360696a0ac3e99679f9c142674003cf721740e3
  md5: 7832bada38267be3333319febcf5e4fc
  depends:
  - ld_impl_win-64 2.46.1 default_hfd38196_102
  - m2w64-sysroot_win-64 >=12.0.0.r0
  - zstd >=1.5.7,<1.6.0a0
  license: GPL-3.0-only
  license_family: GPL
  run_exports: {}
  size: 6140284
  timestamp: 1784214565466
- conda: https://prefix.dev/conda-forge/win-64/bzip2-1.0.8-h0ad9c76_10.conda
  sha256: 04767466ee9227c9c57ab2c6503e0149177d34111c7418d2f420297acb1eb229
  md5: c3301c058362f340100d91cd8be0393f
  depends:
  - ucrt >=10.0.20348.0
  - vc >=14.3,<15
  - vc14_runtime >=14.44.35208
  license: bzip2-1.0.6
  license_family: BSD
  run_exports:
    weak:
    - bzip2 >=1.0.8,<2.0a0
  size: 55919
  timestamp: 1785906343696
- conda: https://prefix.dev/conda-forge/win-64/conda-gcc-specs-16.2.0-h6d3b04a_4.conda
  sha256: b5acc7a4c05e5fdfe19a0399582854fe3d5af6884a68f49ad5409f973c78e9f4
  md5: dd2710697a04e6b9e78dfa6ad4829b05
  depends:
  - gcc_impl_win-64 >=16.2.0,<16.2.1.0a0
  license: GPL-3.0-only WITH GCC-exception-3.1
  license_family: GPL
  run_exports: {}
  size: 53326
  timestamp: 1787625978996
- conda: https://prefix.dev/conda-forge/win-64/gcc-16.2.0-hb5e953d_4.conda
  sha256: 885f14091bdcc20bdd2f0f5d52b2d78e1eb50d2f8f5af1d09676b5a6d26ebac5
  md5: 6680fad46dbc71232f75a39aac6a75e0
  depends:
  - conda-gcc-specs
  - gcc_impl_win-64 16.2.0 h6b76af2_4
  license: BSD-3-Clause
  license_family: BSD
  run_exports: {}
  size: 1346840
  timestamp: 1787626087301
- conda: https://prefix.dev/conda-forge/win-64/gcc_impl_win-64-16.2.0-h6b76af2_4.conda
  sha256: 47cba5bcea133854795d9d59c45418f6dc7b8c1cd4e4fc505ace35cc519e8615
  md5: 4e090fb7357d7d2917deab17a2968d3c
  depends:
  - binutils_impl_win-64 >=2.46.1
  - libgcc >=16.2.0
  - libgcc-devel_win-64 16.2.0 h254a5e0_104
  - libgomp >=16.2.0
  - libstdcxx >=16.2.0
  - libstdcxx-devel_win-64 16.2.0 h230208c_104
  - m2w64-sysroot_win-64
  license: GPL-3.0-only WITH GCC-exception-3.1
  license_family: GPL
  run_exports: {}
  size: 65130677
  timestamp: 1787625851087
- conda: https://prefix.dev/conda-forge/win-64/gfortran-16.2.0-hb5e953d_4.conda
  sha256: d732b70040b4eb7de172587e62a711bd8b8ff1d15e5ad5cacbd02d0c6d218632
  md5: 427ef8150026e0ad65eabdcbdaf6a298
  depends:
  - conda-gcc-specs
  - gcc 16.2.0 hb5e953d_4
  - gcc_impl_win-64 16.2.0 h6b76af2_4
  - gfortran_impl_win-64 16.2.0 h408695e_4
  license: BSD-3-Clause
  license_family: BSD
  run_exports: {}
  size: 932362
  timestamp: 1787626112822
- conda: https://prefix.dev/conda-forge/win-64/gfortran_impl_win-64-16.2.0-h408695e_4.conda
  sha256: b4f1bf88ae3fa2c423268e7ad3ec722673747bef1e788a7c4a746ba8cf9e29dd
  md5: a04f71170d9c6245965f267b35ff9c32
  depends:
  - gcc_impl_win-64 16.2.0.*
  - libgcc >=16.2.0
  - libgfortran5 >=16.2.0
  - libstdcxx >=16.2.0
  - m2w64-sysroot_win-64
  license: GPL-3.0-only WITH GCC-exception-3.1
  license_family: GPL
  run_exports: {}
  size: 17811880
  timestamp: 1787626021912
- conda: https://prefix.dev/conda-forge/win-64/ld_impl_win-64-2.46.1-default_hfd38196_102.conda
  sha256: e3cb27be096acab3c8d5ed36961e291e3e6e9c2323dd3fd565623a4c093e931c
  md5: 179ed4e90a5c9560bebb28292a726f12
  depends:
  - zstd >=1.5.7,<1.6.0a0
  constrains:
  - binutils_impl_win-64 2.46.1
  license: GPL-3.0-only
  license_family: GPL
  run_exports: {}
  size: 896485
  timestamp: 1784214548635
- conda: https://prefix.dev/conda-forge/win-64/libexpat-2.8.1-hac47afa_1.conda
  sha256: 1a54d874addda73b6f7164d5f3905821277a1831bcc05edd74b3085391688571
  md5: ccc490c81ffe14181861beac0e8f3169
  depends:
  - ucrt >=10.0.20348.0
  - vc >=14.3,<15
  - vc14_runtime >=14.44.35208
  constrains:
  - expat 2.8.1.*
  license: MIT
  license_family: MIT
  run_exports: {}
  size: 71631
  timestamp: 1781203724164
- conda: https://prefix.dev/conda-forge/win-64/libffi-3.7.0-h3d046cb_1.conda
  sha256: 613e8077c5cca5df7fe84ade7d5050301bee3c6c4c450ffe61d34a349ab4f11c
  md5: ceb38b0ba900847d8da4289c3c8e5708
  depends:
  - ucrt >=10.0.20348.0
  - vc >=14.3,<15
  - vc14_runtime >=14.44.35208
  license: MIT
  license_family: MIT
  run_exports:
    weak:
    - libffi >=3.7.0,<3.8.0a0
  size: 49992
  timestamp: 1787753517346
- conda: https://prefix.dev/conda-forge/win-64/libgcc-16.2.0-h110b43a_4.conda
  sha256: 32c0d1adcc96835d5f681c7e72b7f5e2e30088149239e002b8a6f581a072e1d2
  md5: 02793cf48b68687fee158a48c92850a6
  depends:
  - _openmp_mutex >=4.5
  - libwinpthread >=12.0.0.r4.gg4f2fc60ca
  constrains:
  - libgcc-ng ==16.2.0=*_4
  - libgomp 16.2.0 h8ee18e1_4
  - msys2-conda-epoch <0.0a0
  license: GPL-3.0-only WITH GCC-exception-3.1
  license_family: GPL
  run_exports: {}
  size: 826694
  timestamp: 1787625780171
- conda: https://prefix.dev/conda-forge/win-64/libgfortran5-16.2.0-h7c9de5e_4.conda
  sha256: 0fac9c326a968b6652391b7729a62e13d777bd4f084408f15590678880e6a5d6
  md5: 84922f235ec3a830e4b19ed1218377ff
  depends:
  - libgcc >=16.2.0
  - libwinpthread >=12.0.0.r4.gg4f2fc60ca
  constrains:
  - libgfortran 16.2.0
  license: GPL-3.0-only WITH GCC-exception-3.1
  license_family: GPL
  run_exports: {}
  size: 2815497
  timestamp: 1787625789804
- conda: https://prefix.dev/conda-forge/win-64/libgomp-16.2.0-h8ee18e1_4.conda
  sha256: 9ef1a22fb50b31fbf9c01cf709e8f55b60fd3c02401d150be4a55943f9e3832f
  md5: 91189f0bc9ff21f385fcda6232346612
  depends:
  - libwinpthread >=12.0.0.r4.gg4f2fc60ca
  constrains:
  - msys2-conda-epoch <0.0a0
  license: GPL-3.0-only WITH GCC-exception-3.1
  license_family: GPL
  run_exports:
    strong:
    - _openmp_mutex >=4.5
    - libgomp >=16.2.0
  size: 688168
  timestamp: 1787625720312
- conda: https://prefix.dev/conda-forge/win-64/liblzma-5.8.3-hfd05255_1.conda
  sha256: d36c4a1e1f80fd08e18a407e03622ff2f34dfdd022da6488ad19603dea19e6d5
  md5: 880a0c8549479b198af21ba5dc49b109
  depends:
  - ucrt >=10.0.20348.0
  - vc >=14.3,<15
  - vc14_runtime >=14.44.35208
  constrains:
  - xz 5.8.3.*
  license: 0BSD
  run_exports:
    weak:
    - liblzma >=5.8.3,<6.0a0
  size: 105809
  timestamp: 1786348717883
- conda: https://prefix.dev/conda-forge/win-64/libmpdec-4.0.0-hfd05255_2.conda
  sha256: f07e451de3db1836b87f7aedf95c8e65cdb06c0e6105329ba24bb5f7b5c75e2a
  md5: 5ae92fd6614edd024576e14069d7ad4c
  depends:
  - ucrt >=10.0.20348.0
  - vc >=14.3,<15
  - vc14_runtime >=14.44.35208
  license: BSD-2-Clause
  license_family: BSD
  run_exports: {}
  size: 89109
  timestamp: 1786650384519
- conda: https://prefix.dev/conda-forge/win-64/libpython-3.14.7-h4f90d01_104_cp314.conda
  build_number: 104
  sha256: 4ffd32fd57d21d4aef34ce82dd7b5ab0248260d0481a26fff64a411f7ea9858b
  md5: 83748d09d722103f7aa891ecfa13d672
  depends:
  - ucrt >=10.0.20348.0
  - vc >=14.3,<15
  - vc14_runtime >=14.44.35208
  license: Python-2.0
  run_exports: {}
  size: 51176
  timestamp: 1788162060329
- conda: https://prefix.dev/conda-forge/win-64/libsqlite-3.53.4-hf5d6505_1.conda
  sha256: 0a45d7c0f20146fff787a106f8fa187872e309c70975ff8f0936e188914c26ad
  md5: a72d495965b144bb7da033642d389047
  depends:
  - ucrt >=10.0.20348.0
  - vc >=14.3,<15
  - vc14_runtime >=14.44.35208
  license: blessing
  run_exports:
    weak:
    - libsqlite >=3.53.4,<4.0a0
  size: 1314919
  timestamp: 1787051140039
- conda: https://prefix.dev/conda-forge/win-64/libstdcxx-16.2.0-hae5796f_4.conda
  sha256: bcd859a3f6a75a9f2632b586ef2c799e463242debb5344611c61d4ae4eb46d6b
  md5: a7add5cf4172713f611e714767c56c2d
  depends:
  - libgcc 16.2.0 h110b43a_4
  - libwinpthread >=12.0.0.r4.gg4f2fc60ca
  constrains:
  - libstdcxx-ng ==16.2.0=*_4
  license: GPL-3.0-only WITH GCC-exception-3.1
  license_family: GPL
  run_exports: {}
  size: 7217098
  timestamp: 1787625803937
- conda: https://prefix.dev/conda-forge/win-64/libwinpthread-12.0.0.r4.gg4f2fc60ca-h57928b3_10.conda
  sha256: 0fccf2d17026255b6e10ace1f191d0a2a18f2d65088fd02430be17c701f8ffe0
  md5: 8a86073cf3b343b87d03f41790d8b4e5
  depends:
  - ucrt
  constrains:
  - pthreads-win32 <0.0a0
  - msys2-conda-epoch <0.0a0
  license: MIT AND BSD-3-Clause-Clear
  run_exports: {}
  size: 36621
  timestamp: 1759768399557
- conda: https://prefix.dev/conda-forge/win-64/libzlib-1.3.2-hfd05255_3.conda
  sha256: 0629c2cc0404d3bb29d6baa7b4ba62da80797015e86de050db81ea5a07050527
  md5: 5d2ff29d465097458cc3ff6569151991
  depends:
  - ucrt >=10.0.20348.0
  - vc >=14.3,<15
  - vc14_runtime >=14.44.35208
  constrains:
  - zlib 1.3.2 *_3
  license: Zlib
  license_family: Other
  run_exports:
    weak:
    - libzlib >=1.3.2,<2.0a0
  size: 58529
  timestamp: 1785276664143
- conda: https://prefix.dev/conda-forge/win-64/m2-conda-epoch-20250515-0_x86_64.conda
  build_number: 0
  sha256: 51e9214548f177db9c3fe70424e3774c95bf19cd69e0e56e83abe2e393228ba1
  md5: 7d60fb16df2cd07fbc3dbff1c9df4244
  constrains:
  - msys2-conda-epoch <0.0a0
  license: BSD-3-Clause
  license_family: BSD
  run_exports:
    weak:
    - m2-conda-epoch 20250515 *_x86_64
    noarch:
    - m2-conda-epoch 20250515 *_x86_64
  size: 7539
  timestamp: 1747330852019
- conda: https://prefix.dev/conda-forge/win-64/openssl-3.6.4-hf411b9b_0.conda
  sha256: 9dddb559ba49744d5d94092d8d13cb0567f5c3b3f439f3acf28433d1f4256acc
  md5: 73cb1783f47c452be4c309430fbef89f
  depends:
  - ca-certificates
  - ucrt >=10.0.20348.0
  - vc >=14.3,<15
  - vc14_runtime >=14.44.35208
  license: Apache-2.0
  license_family: Apache
  run_exports:
    weak:
    - openssl >=3.6.4,<4.0a0
  size: 9474879
  timestamp: 1787699876495
- conda: https://prefix.dev/conda-forge/win-64/pixi-build-cmake-0.4.6-hc05bbc4_0.conda
  sha256: f9e2383f9b471683c65d92372b2b8d26d8b8b99d6c13120438aa7d0bd83388ee
  md5: 1301938e4f9b2c3b9d5c92e23cd0ffb9
  depends:
  - pixi-build-api-version >=7,<8
  - vc >=14.5,<15
  - vc14_runtime >=14.51.36247
  - ucrt >=10.0.20348.0
  license: BSD-3-Clause
  license_family: BSD
  run_exports: {}
  size: 15054341
  timestamp: 1787054465021
- conda: https://prefix.dev/conda-forge/win-64/python-3.14.7-h53f6dd8_104_cp314.conda
  build_number: 104
  sha256: 70c04a977ba943691cc9ff9c7cbe4326b3e9bd27a5a040184ca892192d6e3143
  md5: 00cc3f77b4714fd8f297d8f51762bbaf
  depends:
  - bzip2 >=1.0.8,<2.0a0
  - libexpat >=2.8.1,<3.0a0
  - libffi >=3.7.0,<3.8.0a0
  - liblzma >=5.8.3,<6.0a0
  - libmpdec >=4.0.0,<5.0a0
  - libpython 3.14.7 h4f90d01_104_cp314
  - libsqlite >=3.53.4,<4.0a0
  - libzlib >=1.3.2,<2.0a0
  - openssl >=3.5.8,<4.0a0
  - python_abi 3.14.* *_cp314
  - tk >=8.6.13,<8.7.0a0
  - tzdata
  - ucrt >=10.0.20348.0
  - vc >=14.3,<15
  - vc14_runtime >=14.44.35208
  - zstd >=1.5.7,<1.6.0a0
  license: Python-2.0
  run_exports:
    weak:
    - python_abi 3.14.* *_cp314
    noarch:
    - python
  size: 18570404
  timestamp: 1788162197665
  python_site_packages_path: Lib/site-packages
- conda: https://prefix.dev/conda-forge/win-64/tk-8.6.13-h967ab96_4.conda
  sha256: f19618a3a82cc483dacf1c70a30367ee7b0c7e71b90f1f80e14feff44fbd3688
  md5: dd9eb33c99d352b6356f86964d6040f7
  depends:
  - vc >=14.3,<15
  - vc14_runtime >=14.44.35208
  - ucrt >=10.0.20348.0
  license: TCL
  run_exports:
    weak:
    - tk >=8.6.13,<8.7.0a0
  size: 3782376
  timestamp: 1787272860855
- conda: https://prefix.dev/conda-forge/win-64/ucrt-10.0.26100.0-h57928b3_0.conda
  sha256: 3005729dce6f3d3f5ec91dfc49fc75a0095f9cd23bab49efb899657297ac91a5
  md5: 71b24316859acd00bdb8b38f5e2ce328
  constrains:
  - vc14_runtime >=14.29.30037
  - vs2015_runtime >=14.29.30037
  license: LicenseRef-MicrosoftWindowsSDK10
  run_exports: {}
  size: 694692
  timestamp: 1756385147981
- conda: https://prefix.dev/conda-forge/win-64/vc-14.5-ha367084_41.conda
  sha256: 35444c55a92e2f7f7ba26bc70f81e56e52344f7d064c0fd4b40a46a58517b79c
  md5: aa805b5522c2a98fa286e551a1f48546
  depends:
  - vc14_runtime >=14.51.36247
  track_features:
  - vc14
  license: BSD-3-Clause
  license_family: BSD
  run_exports: {}
  size: 21383
  timestamp: 1785359368566
- conda: https://prefix.dev/conda-forge/win-64/vc14_runtime-14.51.36247-habf1de7_41.conda
  sha256: 4e4cb599cdc41bf2109d1464c127b5bcbddf548ce3e322e612afb691338b48f8
  md5: ac5333bb3d429361f23adf704cc49a78
  depends:
  - ucrt >=10.0.20348.0
  - vcomp14 14.51.36247 habf1de7_41
  constrains:
  - vs2015_runtime 14.51.36247.* *_41
  license: LicenseRef-MicrosoftVisualCpp2015-2022Runtime
  license_family: Proprietary
  run_exports: {}
  size: 767955
  timestamp: 1785359364369
- conda: https://prefix.dev/conda-forge/win-64/vcomp14-14.51.36247-habf1de7_41.conda
  sha256: 731e043390c9457299484d39e427221fc868a9249540a498a5a4f6456c7744d1
  md5: 350bb67a5c8e5f1c53347ac544ab6600
  depends:
  - ucrt >=10.0.20348.0
  constrains:
  - vs2015_runtime 14.51.36247.* *_41
  license: LicenseRef-MicrosoftVisualCpp2015-2022Runtime
  license_family: Proprietary
  run_exports:
    strong:
    - vcomp14 >=14.51.36247
  size: 155910
  timestamp: 1785359349999
- conda: https://prefix.dev/conda-forge/win-64/zstd-1.5.7-h534d264_7.conda
  sha256: ca7daae4f218a11fab82cc2857f0ea518ec3f46acec60490485347a4c22c6b3e
  md5: e4ac308c39d6d0e131154976da67cf3b
  depends:
  - vc >=14.3,<15
  - vc14_runtime >=14.44.35208
  - ucrt >=10.0.20348.0
  - libzlib >=1.3.2,<2.0a0
  license: BSD-3-Clause
  license_family: BSD
  run_exports:
    weak:
    - zstd >=1.5.7,<1.6.0a0
  size: 387535
  timestamp: 1786599623274
