version: 7
platforms:
- name: linux-64
  virtual-packages:
  - __unix=0=0
  - __linux=4.18
  - __glibc=2.28
  - __archspec=0=x86_64
- name: win-64
  virtual-packages:
  - __win=10.0
  - __archspec=0=x86_64
environments:
  default:
    channels:
    - url: https://prefix.dev/conda-forge/
    - url: https://prefix.dev/pixi-build-backends/
    packages:
      linux-64:
      - conda: https://prefix.dev/conda-forge/linux-64/_openmp_mutex-4.5-20_gnu.conda
      - conda: https://prefix.dev/conda-forge/linux-64/libgcc-16.2.0-ha9f2e26_4.conda
      - conda: https://prefix.dev/conda-forge/linux-64/libgomp-16.2.0-he0feb66_4.conda
      - conda: https://prefix.dev/conda-forge/linux-64/openssl-3.6.4-h781a0a9_0.conda
      - conda: https://prefix.dev/conda-forge/linux-64/pixi-build-cmake-0.4.6-h67559c6_0.conda
      - conda: https://prefix.dev/conda-forge/noarch/ca-certificates-2026.7.22-hbd8a1cb_0.conda
      - conda: https://prefix.dev/conda-forge/noarch/pixi-build-api-version-7-hc364b38_0.conda
      win-64:
      - conda: https://prefix.dev/conda-forge/noarch/pixi-build-api-version-7-hc364b38_0.conda
      - conda: https://prefix.dev/conda-forge/win-64/pixi-build-cmake-0.4.6-hc05bbc4_0.conda
      - conda: https://prefix.dev/conda-forge/win-64/ucrt-10.0.26100.0-h57928b3_0.conda
      - conda: https://prefix.dev/conda-forge/win-64/vc-14.5-ha367084_41.conda
      - conda: https://prefix.dev/conda-forge/win-64/vc14_runtime-14.51.36247-habf1de7_41.conda
      - conda: https://prefix.dev/conda-forge/win-64/vcomp14-14.51.36247-habf1de7_41.conda
  swatplus:
    channels:
    - url: https://prefix.dev/conda-forge/
    - url: https://prefix.dev/pixi-build-backends/
    packages:
      linux-64:
      - conda: https://prefix.dev/conda-forge/linux-64/_openmp_mutex-4.5-20_gnu.conda
      - conda: https://prefix.dev/conda-forge/linux-64/libgcc-16.2.0-ha9f2e26_4.conda
      - conda: https://prefix.dev/conda-forge/linux-64/libgomp-16.2.0-he0feb66_4.conda
      - conda: https://prefix.dev/conda-forge/linux-64/openssl-3.6.4-h781a0a9_0.conda
      - conda: https://prefix.dev/conda-forge/linux-64/pixi-build-cmake-0.4.6-h67559c6_0.conda
      - conda: https://prefix.dev/conda-forge/noarch/ca-certificates-2026.7.22-hbd8a1cb_0.conda
      - conda: https://prefix.dev/conda-forge/noarch/pixi-build-api-version-7-hc364b38_0.conda
      win-64:
      - conda: https://prefix.dev/conda-forge/noarch/pixi-build-api-version-7-hc364b38_0.conda
      - conda: https://prefix.dev/conda-forge/win-64/pixi-build-cmake-0.4.6-hc05bbc4_0.conda
      - conda: https://prefix.dev/conda-forge/win-64/ucrt-10.0.26100.0-h57928b3_0.conda
      - conda: https://prefix.dev/conda-forge/win-64/vc-14.5-ha367084_41.conda
      - conda: https://prefix.dev/conda-forge/win-64/vc14_runtime-14.51.36247-habf1de7_41.conda
      - conda: https://prefix.dev/conda-forge/win-64/vcomp14-14.51.36247-habf1de7_41.conda
packages:
- conda: https://prefix.dev/conda-forge/linux-64/_openmp_mutex-4.5-20_gnu.conda
  build_number: 20
  sha256: 1dd3fffd892081df9726d7eb7e0dea6198962ba775bd88842135a4ddb4deb3c9
  md5: a9f577daf3de00bca7c3c76c0ecbd1de
  depends:
  - __glibc >=2.17,<3.0.a0
  - libgomp >=7.5.0
  constrains:
  - openmp_impl <0.0a0
  license: BSD-3-Clause
  license_family: BSD
  run_exports:
    strong:
    - _openmp_mutex >=4.5
  size: 28948
  timestamp: 1770939786096
- conda: https://prefix.dev/conda-forge/linux-64/libgcc-16.2.0-ha9f2e26_4.conda
  sha256: 24090e675d34403b4ee1cd4372d8f6c0937da7ecfd66a19a57cac2ed0f4ea793
  md5: cba14d01083fc62ffd32c24d7d390633
  depends:
  - __glibc >=2.17,<3.0.a0
  - _openmp_mutex >=4.5
  constrains:
  - libgcc-ng ==16.2.0=*_4
  - libgomp 16.2.0 he0feb66_4
  license: GPL-3.0-only WITH GCC-exception-3.1
  license_family: GPL
  run_exports: {}
  size: 1058083
  timestamp: 1787618680111
- conda: https://prefix.dev/conda-forge/linux-64/libgomp-16.2.0-he0feb66_4.conda
  sha256: 0fe5cb8e0752241ab55e11656ed1b9726248b522d23b929fe7c95b83eb55b9bb
  md5: 89d2c1231f47bd818f5d624b9411459d
  depends:
  - __glibc >=2.17,<3.0.a0
  license: GPL-3.0-only WITH GCC-exception-3.1
  license_family: GPL
  run_exports:
    strong:
    - _openmp_mutex >=4.5
  size: 639968
  timestamp: 1787618616266
- conda: https://prefix.dev/conda-forge/linux-64/openssl-3.6.4-h781a0a9_0.conda
  sha256: 4747b2d6a8336f52343bceb8a1ebf41a9e6e665b9d2e3f989972de53a310599e
  md5: 16e3034a330cc625f2c685edec60cf4e
  depends:
  - __glibc >=2.17,<3.0.a0
  - ca-certificates
  - libgcc >=15
  license: Apache-2.0
  license_family: Apache
  run_exports:
    weak:
    - openssl >=3.6.4,<4.0a0
  size: 3202955
  timestamp: 1787698780103
- conda: https://prefix.dev/conda-forge/linux-64/pixi-build-cmake-0.4.6-h67559c6_0.conda
  sha256: 938745a8cbcf77238874a644ce32a85ce39efbb1e2c0f837d23cb8c3cc89dc4e
  md5: f1f8faed4d320c5158c6a7ec24526e46
  depends:
  - pixi-build-api-version >=7,<8
  - __glibc >=2.17,<3.0.a0
  - openssl >=3.5.7,<4.0a0
  constrains:
  - __glibc >=2.17
  license: BSD-3-Clause
  license_family: BSD
  run_exports: {}
  size: 14090472
  timestamp: 1787054475374
- conda: https://prefix.dev/conda-forge/noarch/ca-certificates-2026.7.22-hbd8a1cb_0.conda
  sha256: 0a0544cf95f64394fe4959286f5c71f5444ad58feb0602e53becb27448d24da6
  md5: 0f51e2391ade309db462a55611263e9c
  depends:
  - __unix
  license: ISC
  run_exports: {}
  size: 131780
  timestamp: 1784754889428
- conda: https://prefix.dev/conda-forge/noarch/pixi-build-api-version-7-hc364b38_0.conda
  sha256: f53d94f8a2cdfcbfd2efed25448dddf0db294c8d29dae2713724a331516ca83d
  md5: f09ae972807417d2724b9bb5b3814357
  license: BSD-3-Clause
  license_family: BSD
  run_exports: {}
  size: 3240
  timestamp: 1781600701177
- conda: https://prefix.dev/conda-forge/win-64/pixi-build-cmake-0.4.6-hc05bbc4_0.conda
  sha256: f9e2383f9b471683c65d92372b2b8d26d8b8b99d6c13120438aa7d0bd83388ee
  md5: 1301938e4f9b2c3b9d5c92e23cd0ffb9
  depends:
  - pixi-build-api-version >=7,<8
  - vc >=14.5,<15
  - vc14_runtime >=14.51.36247
  - ucrt >=10.0.20348.0
  license: BSD-3-Clause
  license_family: BSD
  run_exports: {}
  size: 15054341
  timestamp: 1787054465021
- conda: https://prefix.dev/conda-forge/win-64/ucrt-10.0.26100.0-h57928b3_0.conda
  sha256: 3005729dce6f3d3f5ec91dfc49fc75a0095f9cd23bab49efb899657297ac91a5
  md5: 71b24316859acd00bdb8b38f5e2ce328
  constrains:
  - vc14_runtime >=14.29.30037
  - vs2015_runtime >=14.29.30037
  license: LicenseRef-MicrosoftWindowsSDK10
  run_exports: {}
  size: 694692
  timestamp: 1756385147981
- conda: https://prefix.dev/conda-forge/win-64/vc-14.5-ha367084_41.conda
  sha256: 35444c55a92e2f7f7ba26bc70f81e56e52344f7d064c0fd4b40a46a58517b79c
  md5: aa805b5522c2a98fa286e551a1f48546
  depends:
  - vc14_runtime >=14.51.36247
  track_features:
  - vc14
  license: BSD-3-Clause
  license_family: BSD
  run_exports: {}
  size: 21383
  timestamp: 1785359368566
- conda: https://prefix.dev/conda-forge/win-64/vc14_runtime-14.51.36247-habf1de7_41.conda
  sha256: 4e4cb599cdc41bf2109d1464c127b5bcbddf548ce3e322e612afb691338b48f8
  md5: ac5333bb3d429361f23adf704cc49a78
  depends:
  - ucrt >=10.0.20348.0
  - vcomp14 14.51.36247 habf1de7_41
  constrains:
  - vs2015_runtime 14.51.36247.* *_41
  license: LicenseRef-MicrosoftVisualCpp2015-2022Runtime
  license_family: Proprietary
  run_exports: {}
  size: 767955
  timestamp: 1785359364369
- conda: https://prefix.dev/conda-forge/win-64/vcomp14-14.51.36247-habf1de7_41.conda
  sha256: 731e043390c9457299484d39e427221fc868a9249540a498a5a4f6456c7744d1
  md5: 350bb67a5c8e5f1c53347ac544ab6600
  depends:
  - ucrt >=10.0.20348.0
  constrains:
  - vs2015_runtime 14.51.36247.* *_41
  license: LicenseRef-MicrosoftVisualCpp2015-2022Runtime
  license_family: Proprietary
  run_exports:
    strong:
    - vcomp14 >=14.51.36247
  size: 155910
  timestamp: 1785359349999
